// !$*UTF8*$!
{
	archiveVersion = 1;
	classes = {
	};
	objectVersion = 50;
	objects = {

/* Begin PBXBuildFile section */
		6885EA38B8CEA3B9E4E807C9 /* libPods-搜索框实现.a in Frameworks */ = {isa = PBXBuildFile; fileRef = FB127C88F159691BF44DB1F1 /* libPods-搜索框实现.a */; };
		B612883223278296002BFC04 /* AppDelegate.m in Sources */ = {isa = PBXBuildFile; fileRef = B612883123278296002BFC04 /* AppDelegate.m */; };
		B612883523278296002BFC04 /* ViewController.m in Sources */ = {isa = PBXBuildFile; fileRef = B612883423278296002BFC04 /* ViewController.m */; };
		B612883823278296002BFC04 /* Main.storyboard in Resources */ = {isa = PBXBuildFile; fileRef = B612883623278296002BFC04 /* Main.storyboard */; };
		B612883A23278297002BFC04 /* Assets.xcassets in Resources */ = {isa = PBXBuildFile; fileRef = B612883923278297002BFC04 /* Assets.xcassets */; };
		B612883D23278297002BFC04 /* LaunchScreen.storyboard in Resources */ = {isa = PBXBuildFile; fileRef = B612883B23278297002BFC04 /* LaunchScreen.storyboard */; };
		B612884023278297002BFC04 /* main.m in Sources */ = {isa = PBXBuildFile; fileRef = B612883F23278297002BFC04 /* main.m */; };
		B61289FA23279250002BFC04 /* SearchModel.m in Sources */ = {isa = PBXBuildFile; fileRef = B61289F923279250002BFC04 /* SearchModel.m */; };
		B64854E823279C0E00788AEF /* SearchViewController.m in Sources */ = {isa = PBXBuildFile; fileRef = B64854E723279C0E00788AEF /* SearchViewController.m */; };
		B64854ED2327B98D00788AEF /* SearchLayout.m in Sources */ = {isa = PBXBuildFile; fileRef = B64854EC2327B98D00788AEF /* SearchLayout.m */; };
		B64854F02327C52600788AEF /* SearchCollectionViewCell.m in Sources */ = {isa = PBXBuildFile; fileRef = B64854EF2327C52600788AEF /* SearchCollectionViewCell.m */; };
		B64854F32328858A00788AEF /* SearchCollectionReusableView.m in Sources */ = {isa = PBXBuildFile; fileRef = B64854F22328858A00788AEF /* SearchCollectionReusableView.m */; };
		B64854F7232893CB00788AEF /* DBTool.m in Sources */ = {isa = PBXBuildFile; fileRef = B64854F6232893CB00788AEF /* DBTool.m */; };
/* End PBXBuildFile section */

/* Begin PBXFileReference section */
		6C18AAF5F83FFDDA277F00F3 /* Pods-搜索框实现.debug.xcconfig */ = {isa = PBXFileReference; includeInIndex = 1; lastKnownFileType = text.xcconfig; name = "Pods-搜索框实现.debug.xcconfig"; path = "Target Support Files/Pods-搜索框实现/Pods-搜索框实现.debug.xcconfig"; sourceTree = "<group>"; };
		B612882D23278296002BFC04 /* 搜索框实现.app */ = {isa = PBXFileReference; explicitFileType = wrapper.application; includeInIndex = 0; path = "搜索框实现.app"; sourceTree = BUILT_PRODUCTS_DIR; };
		B612883023278296002BFC04 /* AppDelegate.h */ = {isa = PBXFileReference; lastKnownFileType = sourcecode.c.h; path = AppDelegate.h; sourceTree = "<group>"; };
		B612883123278296002BFC04 /* AppDelegate.m */ = {isa = PBXFileReference; lastKnownFileType = sourcecode.c.objc; path = AppDelegate.m; sourceTree = "<group>"; };
		B612883323278296002BFC04 /* ViewController.h */ = {isa = PBXFileReference; lastKnownFileType = sourcecode.c.h; path = ViewController.h; sourceTree = "<group>"; };
		B612883423278296002BFC04 /* ViewController.m */ = {isa = PBXFileReference; lastKnownFileType = sourcecode.c.objc; path = ViewController.m; sourceTree = "<group>"; };
		B612883723278296002BFC04 /* Base */ = {isa = PBXFileReference; lastKnownFileType = file.storyboard; name = Base; path = Base.lproj/Main.storyboard; sourceTree = "<group>"; };
		B612883923278297002BFC04 /* Assets.xcassets */ = {isa = PBXFileReference; lastKnownFileType = folder.assetcatalog; path = Assets.xcassets; sourceTree = "<group>"; };
		B612883C23278297002BFC04 /* Base */ = {isa = PBXFileReference; lastKnownFileType = file.storyboard; name = Base; path = Base.lproj/LaunchScreen.storyboard; sourceTree = "<group>"; };
		B612883E23278297002BFC04 /* Info.plist */ = {isa = PBXFileReference; lastKnownFileType = text.plist.xml; path = Info.plist; sourceTree = "<group>"; };
		B612883F23278297002BFC04 /* main.m */ = {isa = PBXFileReference; lastKnownFileType = sourcecode.c.objc; path = main.m; sourceTree = "<group>"; };
		B61289F823279250002BFC04 /* SearchModel.h */ = {isa = PBXFileReference; lastKnownFileType = sourcecode.c.h; path = SearchModel.h; sourceTree = "<group>"; };
		B61289F923279250002BFC04 /* SearchModel.m */ = {isa = PBXFileReference; lastKnownFileType = sourcecode.c.objc; path = SearchModel.m; sourceTree = "<group>"; };
		B61289FB23279290002BFC04 /* SearchProtocal.h */ = {isa = PBXFileReference; lastKnownFileType = sourcecode.c.h; path = SearchProtocal.h; sourceTree = "<group>"; };
		B64854E623279C0E00788AEF /* SearchViewController.h */ = {isa = PBXFileReference; lastKnownFileType = sourcecode.c.h; path = SearchViewController.h; sourceTree = "<group>"; };
		B64854E723279C0E00788AEF /* SearchViewController.m */ = {isa = PBXFileReference; lastKnownFileType = sourcecode.c.objc; path = SearchViewController.m; sourceTree = "<group>"; };
		B64854EB2327B98D00788AEF /* SearchLayout.h */ = {isa = PBXFileReference; lastKnownFileType = sourcecode.c.h; path = SearchLayout.h; sourceTree = "<group>"; };
		B64854EC2327B98D00788AEF /* SearchLayout.m */ = {isa = PBXFileReference; lastKnownFileType = sourcecode.c.objc; path = SearchLayout.m; sourceTree = "<group>"; };
		B64854EE2327C52600788AEF /* SearchCollectionViewCell.h */ = {isa = PBXFileReference; lastKnownFileType = sourcecode.c.h; path = SearchCollectionViewCell.h; sourceTree = "<group>"; };
		B64854EF2327C52600788AEF /* SearchCollectionViewCell.m */ = {isa = PBXFileReference; lastKnownFileType = sourcecode.c.objc; path = SearchCollectionViewCell.m; sourceTree = "<group>"; };
		B64854F12328858A00788AEF /* SearchCollectionReusableView.h */ = {isa = PBXFileReference; lastKnownFileType = sourcecode.c.h; path = SearchCollectionReusableView.h; sourceTree = "<group>"; };
		B64854F22328858A00788AEF /* SearchCollectionReusableView.m */ = {isa = PBXFileReference; lastKnownFileType = sourcecode.c.objc; path = SearchCollectionReusableView.m; sourceTree = "<group>"; };
		B64854F5232893CB00788AEF /* DBTool.h */ = {isa = PBXFileReference; lastKnownFileType = sourcecode.c.h; path = DBTool.h; sourceTree = "<group>"; };
		B64854F6232893CB00788AEF /* DBTool.m */ = {isa = PBXFileReference; lastKnownFileType = sourcecode.c.objc; path = DBTool.m; sourceTree = "<group>"; };
		FB127C88F159691BF44DB1F1 /* libPods-搜索框实现.a */ = {isa = PBXFileReference; explicitFileType = archive.ar; includeInIndex = 0; path = "libPods-搜索框实现.a"; sourceTree = BUILT_PRODUCTS_DIR; };
		FF26673E17E1BE1FA42B3E41 /* Pods-搜索框实现.release.xcconfig */ = {isa = PBXFileReference; includeInIndex = 1; lastKnownFileType = text.xcconfig; name = "Pods-搜索框实现.release.xcconfig"; path = "Target Support Files/Pods-搜索框实现/Pods-搜索框实现.release.xcconfig"; sourceTree = "<group>"; };
/* End PBXFileReference section */

/* Begin PBXFrameworksBuildPhase section */
		B612882A23278296002BFC04 /* Frameworks */ = {
			isa = PBXFrameworksBuildPhase;
			buildActionMask = 2147483647;
			files = (
				6885EA38B8CEA3B9E4E807C9 /* libPods-搜索框实现.a in Frameworks */,
			);
			runOnlyForDeploymentPostprocessing = 0;
		};
/* End PBXFrameworksBuildPhase section */

/* Begin PBXGroup section */
		6A7D0D127F9BEB54D168FAE6 /* Frameworks */ = {
			isa = PBXGroup;
			children = (
				FB127C88F159691BF44DB1F1 /* libPods-搜索框实现.a */,
			);
			name = Frameworks;
			sourceTree = "<group>";
		};
		9DBBE6DFCABBC2812E87630A /* Pods */ = {
			isa = PBXGroup;
			children = (
				6C18AAF5F83FFDDA277F00F3 /* Pods-搜索框实现.debug.xcconfig */,
				FF26673E17E1BE1FA42B3E41 /* Pods-搜索框实现.release.xcconfig */,
			);
			path = Pods;
			sourceTree = "<group>";
		};
		B612882423278296002BFC04 = {
			isa = PBXGroup;
			children = (
				B612882F23278296002BFC04 /* 搜索框实现 */,
				B612882E23278296002BFC04 /* Products */,
				9DBBE6DFCABBC2812E87630A /* Pods */,
				6A7D0D127F9BEB54D168FAE6 /* Frameworks */,
			);
			sourceTree = "<group>";
		};
		B612882E23278296002BFC04 /* Products */ = {
			isa = PBXGroup;
			children = (
				B612882D23278296002BFC04 /* 搜索框实现.app */,
			);
			name = Products;
			sourceTree = "<group>";
		};
		B612882F23278296002BFC04 /* 搜索框实现 */ = {
			isa = PBXGroup;
			children = (
				B64854F42328938A00788AEF /* Tool */,
				B64854EA2327A3F600788AEF /* AppDelegate */,
				B64854DE232796E600788AEF /* ViewController */,
				B61289F5232791F4002BFC04 /* Model */,
				B61289F723279206002BFC04 /* Controller */,
				B61289F6232791FD002BFC04 /* View */,
				B612883623278296002BFC04 /* Main.storyboard */,
				B612883923278297002BFC04 /* Assets.xcassets */,
				B612883B23278297002BFC04 /* LaunchScreen.storyboard */,
				B612883E23278297002BFC04 /* Info.plist */,
				B612883F23278297002BFC04 /* main.m */,
			);
			path = "搜索框实现";
			sourceTree = "<group>";
		};
		B61289F5232791F4002BFC04 /* Model */ = {
			isa = PBXGroup;
			children = (
				B61289FB23279290002BFC04 /* SearchProtocal.h */,
				B61289F823279250002BFC04 /* SearchModel.h */,
				B61289F923279250002BFC04 /* SearchModel.m */,
			);
			path = Model;
			sourceTree = "<group>";
		};
		B61289F6232791FD002BFC04 /* View */ = {
			isa = PBXGroup;
			children = (
				B64854EB2327B98D00788AEF /* SearchLayout.h */,
				B64854EC2327B98D00788AEF /* SearchLayout.m */,
				B64854EE2327C52600788AEF /* SearchCollectionViewCell.h */,
				B64854EF2327C52600788AEF /* SearchCollectionViewCell.m */,
				B64854F12328858A00788AEF /* SearchCollectionReusableView.h */,
				B64854F22328858A00788AEF /* SearchCollectionReusableView.m */,
			);
			path = View;
			sourceTree = "<group>";
		};
		B61289F723279206002BFC04 /* Controller */ = {
			isa = PBXGroup;
			children = (
				B64854E623279C0E00788AEF /* SearchViewController.h */,
				B64854E723279C0E00788AEF /* SearchViewController.m */,
			);
			path = Controller;
			sourceTree = "<group>";
		};
		B64854DE232796E600788AEF /* ViewController */ = {
			isa = PBXGroup;
			children = (
				B612883323278296002BFC04 /* ViewController.h */,
				B612883423278296002BFC04 /* ViewController.m */,
			);
			path = ViewController;
			sourceTree = "<group>";
		};
		B64854EA2327A3F600788AEF /* AppDelegate */ = {
			isa = PBXGroup;
			children = (
				B612883023278296002BFC04 /* AppDelegate.h */,
				B612883123278296002BFC04 /* AppDelegate.m */,
			);
			path = AppDelegate;
			sourceTree = "<group>";
		};
		B64854F42328938A00788AEF /* Tool */ = {
			isa = PBXGroup;
			children = (
				B64854F5232893CB00788AEF /* DBTool.h */,
				B64854F6232893CB00788AEF /* DBTool.m */,
			);
			path = Tool;
			sourceTree = "<group>";
		};
/* End PBXGroup section */

/* Begin PBXNativeTarget section */
		B612882C23278296002BFC04 /* 搜索框实现 */ = {
			isa = PBXNativeTarget;
			buildConfigurationList = B612884323278297002BFC04 /* Build configuration list for PBXNativeTarget "搜索框实现" */;
			buildPhases = (
				882E63AABA4DC61B4003F08F /* [CP] Check Pods Manifest.lock */,
				B612882923278296002BFC04 /* Sources */,
				B612882A23278296002BFC04 /* Frameworks */,
				B612882B23278296002BFC04 /* Resources */,
			);
			buildRules = (
			);
			dependencies = (
			);
			name = "搜索框实现";
			productName = "搜索框实现";
			productReference = B612882D23278296002BFC04 /* 搜索框实现.app */;
			productType = "com.apple.product-type.application";
		};
/* End PBXNativeTarget section */

/* Begin PBXProject section */
		B612882523278296002BFC04 /* Project object */ = {
			isa = PBXProject;
			attributes = {
				LastUpgradeCheck = 1030;
				ORGANIZATIONNAME = "许明洋";
				TargetAttributes = {
					B612882C23278296002BFC04 = {
						CreatedOnToolsVersion = 10.3;
					};
				};
			};
			buildConfigurationList = B612882823278296002BFC04 /* Build configuration list for PBXProject "搜索框实现" */;
			compatibilityVersion = "Xcode 9.3";
			developmentRegion = en;
			hasScannedForEncodings = 0;
			knownRegions = (
				en,
				Base,
			);
			mainGroup = B612882423278296002BFC04;
			productRefGroup = B612882E23278296002BFC04 /* Products */;
			projectDirPath = "";
			projectRoot = "";
			targets = (
				B612882C23278296002BFC04 /* 搜索框实现 */,
			);
		};
/* End PBXProject section */

/* Begin PBXResourcesBuildPhase section */
		B612882B23278296002BFC04 /* Resources */ = {
			isa = PBXResourcesBuildPhase;
			buildActionMask = 2147483647;
			files = (
				B612883D23278297002BFC04 /* LaunchScreen.storyboard in Resources */,
				B612883A23278297002BFC04 /* Assets.xcassets in Resources */,
				B612883823278296002BFC04 /* Main.storyboard in Resources */,
			);
			runOnlyForDeploymentPostprocessing = 0;
		};
/* End PBXResourcesBuildPhase section */

/* Begin PBXShellScriptBuildPhase section */
		882E63AABA4DC61B4003F08F /* [CP] Check Pods Manifest.lock */ = {
			isa = PBXShellScriptBuildPhase;
			buildActionMask = 2147483647;
			files = (
			);
			inputFileListPaths = (
			);
			inputPaths = (
				"${PODS_PODFILE_DIR_PATH}/Podfile.lock",
				"${PODS_ROOT}/Manifest.lock",
			);
			name = "[CP] Check Pods Manifest.lock";
			outputFileListPaths = (
			);
			outputPaths = (
				"$(DERIVED_FILE_DIR)/Pods-搜索框实现-checkManifestLockResult.txt",
			);
			runOnlyForDeploymentPostprocessing = 0;
			shellPath = /bin/sh;
			shellScript = "diff \"${PODS_PODFILE_DIR_PATH}/Podfile.lock\" \"${PODS_ROOT}/Manifest.lock\" > /dev/null\nif [ $? != 0 ] ; then\n    # print error to STDERR\n    echo \"error: The sandbox is not in sync with the Podfile.lock. Run 'pod install' or update your CocoaPods installation.\" >&2\n    exit 1\nfi\n# This output is used by Xcode 'outputs' to avoid re-running this script phase.\necho \"SUCCESS\" > \"${SCRIPT_OUTPUT_FILE_0}\"\n";
			showEnvVarsInLog = 0;
		};
/* End PBXShellScriptBuildPhase section */

/* Begin PBXSourcesBuildPhase section */
		B612882923278296002BFC04 /* Sources */ = {
			isa = PBXSourcesBuildPhase;
			buildActionMask = 2147483647;
			files = (
				B612883523278296002BFC04 /* ViewController.m in Sources */,
				B64854F32328858A00788AEF /* SearchCollectionReusableView.m in Sources */,
				B612884023278297002BFC04 /* main.m in Sources */,
				B64854E823279C0E00788AEF /* SearchViewController.m in Sources */,
				B64854ED2327B98D00788AEF /* SearchLayout.m in Sources */,
				B64854F02327C52600788AEF /* SearchCollectionViewCell.m in Sources */,
				B612883223278296002BFC04 /* AppDelegate.m in Sources */,
				B61289FA23279250002BFC04 /* SearchModel.m in Sources */,
				B64854F7232893CB00788AEF /* DBTool.m in Sources */,
			);
			runOnlyForDeploymentPostprocessing = 0;
		};
/* End PBXSourcesBuildPhase section */

/* Begin PBXVariantGroup section */
		B612883623278296002BFC04 /* Main.storyboard */ = {
			isa = PBXVariantGroup;
			children = (
				B612883723278296002BFC04 /* Base */,
			);
			name = Main.storyboard;
			sourceTree = "<group>";
		};
		B612883B23278297002BFC04 /* LaunchScreen.storyboard */ = {
			isa = PBXVariantGroup;
			children = (
				B612883C23278297002BFC04 /* Base */,
			);
			name = LaunchScreen.storyboard;
			sourceTree = "<group>";
		};
/* End PBXVariantGroup section */

/* Begin XCBuildConfiguration section */
		B612884123278297002BFC04 /* Debug */ = {
			isa = XCBuildConfiguration;
			buildSettings = {
				ALWAYS_SEARCH_USER_PATHS = NO;
				CLANG_ANALYZER_NONNULL = YES;
				CLANG_ANALYZER_NUMBER_OBJECT_CONVERSION = YES_AGGRESSIVE;
				CLANG_CXX_LANGUAGE_STANDARD = "gnu++14";
				CLANG_CXX_LIBRARY = "libc++";
				CLANG_ENABLE_MODULES = YES;
				CLANG_ENABLE_OBJC_ARC = YES;
				CLANG_ENABLE_OBJC_WEAK = YES;
				CLANG_WARN_BLOCK_CAPTURE_AUTORELEASING = YES;
				CLANG_WARN_BOOL_CONVERSION = YES;
				CLANG_WARN_COMMA = YES;
				CLANG_WARN_CONSTANT_CONVERSION = YES;
				CLANG_WARN_DEPRECATED_OBJC_IMPLEMENTATIONS = YES;
				CLANG_WARN_DIRECT_OBJC_ISA_USAGE = YES_ERROR;
				CLANG_WARN_DOCUMENTATION_COMMENTS = YES;
				CLANG_WARN_EMPTY_BODY = YES;
				CLANG_WARN_ENUM_CONVERSION = YES;
				CLANG_WARN_INFINITE_RECURSION = YES;
				CLANG_WARN_INT_CONVERSION = YES;
				CLANG_WARN_NON_LITERAL_NULL_CONVERSION = YES;
				CLANG_WARN_OBJC_IMPLICIT_RETAIN_SELF = YES;
				CLANG_WARN_OBJC_LITERAL_CONVERSION = YES;
				CLANG_WARN_OBJC_ROOT_CLASS = YES_ERROR;
				CLANG_WARN_RANGE_LOOP_ANALYSIS = YES;
				CLANG_WARN_STRICT_PROTOTYPES = YES;
				CLANG_WARN_SUSPICIOUS_MOVE = YES;
				CLANG_WARN_UNGUARDED_AVAILABILITY = YES_AGGRESSIVE;
				CLANG_WARN_UNREACHABLE_CODE = YES;
				CLANG_WARN__DUPLICATE_METHOD_MATCH = YES;
				CODE_SIGN_IDENTITY = "iPhone Developer";
				COPY_PHASE_STRIP = NO;
				DEBUG_INFORMATION_FORMAT = dwarf;
				ENABLE_STRICT_OBJC_MSGSEND = YES;
				ENABLE_TESTABILITY = YES;
				GCC_C_LANGUAGE_STANDARD = gnu11;
				GCC_DYNAMIC_NO_PIC = NO;
				GCC_NO_COMMON_BLOCKS = YES;
				GCC_OPTIMIZATION_LEVEL = 0;
				GCC_PREPROCESSOR_DEFINITIONS = (
					"DEBUG=1",
					"$(inherited)",
				);
				GCC_WARN_64_TO_32_BIT_CONVERSION = YES;
				GCC_WARN_ABOUT_RETURN_TYPE = YES_ERROR;
				GCC_WARN_UNDECLARED_SELECTOR = YES;
				GCC_WARN_UNINITIALIZED_AUTOS = YES_AGGRESSIVE;
				GCC_WARN_UNUSED_FUNCTION = YES;
				GCC_WARN_UNUSED_VARIABLE = YES;
				IPHONEOS_DEPLOYMENT_TARGET = 12.4;
				MTL_ENABLE_DEBUG_INFO = INCLUDE_SOURCE;
				MTL_FAST_MATH = YES;
				ONLY_ACTIVE_ARCH = YES;
				SDKROOT = iphoneos;
			};
			name = Debug;
		};
		B612884223278297002BFC04 /* Release */ = {
			isa = XCBuildConfiguration;
			buildSettings = {
				ALWAYS_SEARCH_USER_PATHS = NO;
				CLANG_ANALYZER_NONNULL = YES;
				CLANG_ANALYZER_NUMBER_OBJECT_CONVERSION = YES_AGGRESSIVE;
				CLANG_CXX_LANGUAGE_STANDARD = "gnu++14";
				CLANG_CXX_LIBRARY = "libc++";
				CLANG_ENABLE_MODULES = YES;
				CLANG_ENABLE_OBJC_ARC = YES;
				CLANG_ENABLE_OBJC_WEAK = YES;
				CLANG_WARN_BLOCK_CAPTURE_AUTORELEASING = YES;
				CLANG_WARN_BOOL_CONVERSION = YES;
				CLANG_WARN_COMMA = YES;
				CLANG_WARN_CONSTANT_CONVERSION = YES;
				CLANG_WARN_DEPRECATED_OBJC_IMPLEMENTATIONS = YES;
				CLANG_WARN_DIRECT_OBJC_ISA_USAGE = YES_ERROR;
				CLANG_WARN_DOCUMENTATION_COMMENTS = YES;
				CLANG_WARN_EMPTY_BODY = YES;
				CLANG_WARN_ENUM_CONVERSION = YES;
				CLANG_WARN_INFINITE_RECURSION = YES;
				CLANG_WARN_INT_CONVERSION = YES;
				CLANG_WARN_NON_LITERAL_NULL_CONVERSION = YES;
				CLANG_WARN_OBJC_IMPLICIT_RETAIN_SELF = YES;
				CLANG_WARN_OBJC_LITERAL_CONVERSION = YES;
				CLANG_WARN_OBJC_ROOT_CLASS = YES_ERROR;
				CLANG_WARN_RANGE_LOOP_ANALYSIS = YES;
				CLANG_WARN_STRICT_PROTOTYPES = YES;
				CLANG_WARN_SUSPICIOUS_MOVE = YES;
				CLANG_WARN_UNGUARDED_AVAILABILITY = YES_AGGRESSIVE;
				CLANG_WARN_UNREACHABLE_CODE = YES;
				CLANG_WARN__DUPLICATE_METHOD_MATCH = YES;
				CODE_SIGN_IDENTITY = "iPhone Developer";
				COPY_PHASE_STRIP = NO;
				DEBUG_INFORMATION_FORMAT = "dwarf-with-dsym";
				ENABLE_NS_ASSERTIONS = NO;
				ENABLE_STRICT_OBJC_MSGSEND = YES;
				GCC_C_LANGUAGE_STANDARD = gnu11;
				GCC_NO_COMMON_BLOCKS = YES;
				GCC_WARN_64_TO_32_BIT_CONVERSION = YES;
				GCC_WARN_ABOUT_RETURN_TYPE = YES_ERROR;
				GCC_WARN_UNDECLARED_SELECTOR = YES;
				GCC_WARN_UNINITIALIZED_AUTOS = YES_AGGRESSIVE;
				GCC_WARN_UNUSED_FUNCTION = YES;
				GCC_WARN_UNUSED_VARIABLE = YES;
				IPHONEOS_DEPLOYMENT_TARGET = 12.4;
				MTL_ENABLE_DEBUG_INFO = NO;
				MTL_FAST_MATH = YES;
				SDKROOT = iphoneos;
				VALIDATE_PRODUCT = YES;
			};
			name = Release;
		};
		B612884423278297002BFC04 /* Debug */ = {
			isa = XCBuildConfiguration;
			baseConfigurationReference = 6C18AAF5F83FFDDA277F00F3 /* Pods-搜索框实现.debug.xcconfig */;
			buildSettings = {
				ASSETCATALOG_COMPILER_APPICON_NAME = AppIcon;
				CODE_SIGN_STYLE = Automatic;
				DEVELOPMENT_TEAM = NC2M6D7A5Q;
				INFOPLIST_FILE = "搜索框实现/Info.plist";
				IPHONEOS_DEPLOYMENT_TARGET = 9.0;
				LD_RUNPATH_SEARCH_PATHS = (
					"$(inherited)",
					"@executable_path/Frameworks",
				);
				PRODUCT_BUNDLE_IDENTIFIER = "com.greatyun.-----";
				PRODUCT_NAME = "$(TARGET_NAME)";
				TARGETED_DEVICE_FAMILY = "1,2";
			};
			name = Debug;
		};
		B612884523278297002BFC04 /* Release */ = {
			isa = XCBuildConfiguration;
			baseConfigurationReference = FF26673E17E1BE1FA42B3E41 /* Pods-搜索框实现.release.xcconfig */;
			buildSettings = {
				ASSETCATALOG_COMPILER_APPICON_NAME = AppIcon;
				CODE_SIGN_STYLE = Automatic;
				DEVELOPMENT_TEAM = NC2M6D7A5Q;
				INFOPLIST_FILE = "搜索框实现/Info.plist";
				IPHONEOS_DEPLOYMENT_TARGET = 9.0;
				LD_RUNPATH_SEARCH_PATHS = (
					"$(inherited)",
					"@executable_path/Frameworks",
				);
				PRODUCT_BUNDLE_IDENTIFIER = "com.greatyun.-----";
				PRODUCT_NAME = "$(TARGET_NAME)";
				TARGETED_DEVICE_FAMILY = "1,2";
			};
			name = Release;
		};
/* End XCBuildConfiguration section */

/* Begin XCConfigurationList section */
		B612882823278296002BFC04 /* Build configuration list for PBXProject "搜索框实现" */ = {
			isa = XCConfigurationList;
			buildConfigurations = (
				B612884123278297002BFC04 /* Debug */,
				B612884223278297002BFC04 /* Release */,
			);
			defaultConfigurationIsVisible = 0;
			defaultConfigurationName = Release;
		};
		B612884323278297002BFC04 /* Build configuration list for PBXNativeTarget "搜索框实现" */ = {
			isa = XCConfigurationList;
			buildConfigurations = (
				B612884423278297002BFC04 /* Debug */,
				B612884523278297002BFC04 /* Release */,
			);
			defaultConfigurationIsVisible = 0;
			defaultConfigurationName = Release;
		};
/* End XCConfigurationList section */
	};
	rootObject = B612882523278296002BFC04 /* Project object */;
}
